// !$*UTF8*$!
{
	archiveVersion = 1;
	classes = {
	};
	objectVersion = 50;
	objects = {

/* Begin PBXBuildFile section */
		2038AC0B283A2FB700E6106E /* AppDelegate.swift in Sources */ = {isa = PBXBuildFile; fileRef = 2038AC0A283A2FB700E6106E /* AppDelegate.swift */; };
		2038AC0D283A2FB700E6106E /* SceneDelegate.swift in Sources */ = {isa = PBXBuildFile; fileRef = 2038AC0C283A2FB700E6106E /* SceneDelegate.swift */; };
		2038AC0F283A2FB700E6106E /* CalculatorViewController.swift in Sources */ = {isa = PBXBuildFile; fileRef = 2038AC0E283A2FB700E6106E /* CalculatorViewController.swift */; };
		2038AC12283A2FB700E6106E /* Main.storyboard in Resources */ = {isa = PBXBuildFile; fileRef = 2038AC10283A2FB700E6106E /* Main.storyboard */; };
		2038AC14283A2FB800E6106E /* Assets.xcassets in Resources */ = {isa = PBXBuildFile; fileRef = 2038AC13283A2FB800E6106E /* Assets.xcassets */; };
		2038AC17283A2FB800E6106E /* LaunchScreen.storyboard in Resources */ = {isa = PBXBuildFile; fileRef = 2038AC15283A2FB800E6106E /* LaunchScreen.storyboard */; };
		2038AC23283A31E700E6106E /* ResultsViewController.swift in Sources */ = {isa = PBXBuildFile; fileRef = 2038AC22283A31E700E6106E /* ResultsViewController.swift */; };
		2038AC2C283A330800E6106E /* Tips.swift in Sources */ = {isa = PBXBuildFile; fileRef = 2038AC2B283A330800E6106E /* Tips.swift */; };
		2038AC30283A331600E6106E /* CalculatorTips.swift in Sources */ = {isa = PBXBuildFile; fileRef = 2038AC2F283A331600E6106E /* CalculatorTips.swift */; };
/* End PBXBuildFile section */

/* Begin PBXFileReference section */
		2038AC07283A2FB700E6106E /* TipsY.app */ = {isa = PBXFileReference; explicitFileType = wrapper.application; includeInIndex = 0; path = TipsY.app; sourceTree = BUILT_PRODUCTS_DIR; };
		2038AC0A283A2FB700E6106E /* AppDelegate.swift */ = {isa = PBXFileReference; lastKnownFileType = sourcecode.swift; path = AppDelegate.swift; sourceTree = "<group>"; };
		2038AC0C283A2FB700E6106E /* SceneDelegate.swift */ = {isa = PBXFileReference; lastKnownFileType = sourcecode.swift; path = SceneDelegate.swift; sourceTree = "<group>"; };
		2038AC0E283A2FB700E6106E /* CalculatorViewController.swift */ = {isa = PBXFileReference; lastKnownFileType = sourcecode.swift; path = CalculatorViewController.swift; sourceTree = "<group>"; };
		2038AC11283A2FB700E6106E /* Base */ = {isa = PBXFileReference; lastKnownFileType = file.storyboard; name = Base; path = Base.lproj/Main.storyboard; sourceTree = "<group>"; };
		2038AC13283A2FB800E6106E /* Assets.xcassets */ = {isa = PBXFileReference; lastKnownFileType = folder.assetcatalog; path = Assets.xcassets; sourceTree = "<group>"; };
		2038AC16283A2FB800E6106E /* Base */ = {isa = PBXFileReference; lastKnownFileType = file.storyboard; name = Base; path = Base.lproj/LaunchScreen.storyboard; sourceTree = "<group>"; };
		2038AC18283A2FB800E6106E /* Info.plist */ = {isa = PBXFileReference; lastKnownFileType = text.plist.xml; path = Info.plist; sourceTree = "<group>"; };
		2038AC22283A31E700E6106E /* ResultsViewController.swift */ = {isa = PBXFileReference; lastKnownFileType = sourcecode.swift; path = ResultsViewController.swift; sourceTree = "<group>"; };
		2038AC2B283A330800E6106E /* Tips.swift */ = {isa = PBXFileReference; lastKnownFileType = sourcecode.swift; path = Tips.swift; sourceTree = "<group>"; };
		2038AC2F283A331600E6106E /* CalculatorTips.swift */ = {isa = PBXFileReference; lastKnownFileType = sourcecode.swift; path = CalculatorTips.swift; sourceTree = "<group>"; };
/* End PBXFileReference section */

/* Begin PBXFrameworksBuildPhase section */
		2038AC04283A2FB700E6106E /* Frameworks */ = {
			isa = PBXFrameworksBuildPhase;
			buildActionMask = 2147483647;
			files = (
			);
			runOnlyForDeploymentPostprocessing = 0;
		};
/* End PBXFrameworksBuildPhase section */

/* Begin PBXGroup section */
		2038ABFE283A2FB700E6106E = {
			isa = PBXGroup;
			children = (
				2038AC09283A2FB700E6106E /* TipsY */,
				2038AC08283A2FB700E6106E /* Products */,
			);
			sourceTree = "<group>";
		};
		2038AC08283A2FB700E6106E /* Products */ = {
			isa = PBXGroup;
			children = (
				2038AC07283A2FB700E6106E /* TipsY.app */,
			);
			name = Products;
			sourceTree = "<group>";
		};
		2038AC09283A2FB700E6106E /* TipsY */ = {
			isa = PBXGroup;
			children = (
				2038AC2A283A32F100E6106E /* Models */,
				2038AC1F283A300100E6106E /* Views */,
				2038AC21283A31C600E6106E /* Controllers */,
				2038AC26283A322100E6106E /* Files */,
			);
			path = TipsY;
			sourceTree = "<group>";
		};
		2038AC1F283A300100E6106E /* Views */ = {
			isa = PBXGroup;
			children = (
				2038AC10283A2FB700E6106E /* Main.storyboard */,
			);
			path = Views;
			sourceTree = "<group>";
		};
		2038AC21283A31C600E6106E /* Controllers */ = {
			isa = PBXGroup;
			children = (
				2038AC0E283A2FB700E6106E /* CalculatorViewController.swift */,
				2038AC22283A31E700E6106E /* ResultsViewController.swift */,
			);
			path = Controllers;
			sourceTree = "<group>";
		};
		2038AC26283A322100E6106E /* Files */ = {
			isa = PBXGroup;
			children = (
				2038AC0A283A2FB700E6106E /* AppDelegate.swift */,
				2038AC0C283A2FB700E6106E /* SceneDelegate.swift */,
				2038AC13283A2FB800E6106E /* Assets.xcassets */,
				2038AC15283A2FB800E6106E /* LaunchScreen.storyboard */,
				2038AC18283A2FB800E6106E /* Info.plist */,
			);
			path = Files;
			sourceTree = "<group>";
		};
		2038AC2A283A32F100E6106E /* Models */ = {
			isa = PBXGroup;
			children = (
				2038AC2B283A330800E6106E /* Tips.swift */,
				2038AC2F283A331600E6106E /* CalculatorTips.swift */,
			);
			path = Models;
			sourceTree = "<group>";
		};
/* End PBXGroup section */

/* Begin PBXNativeTarget section */
		2038AC06283A2FB700E6106E /* TipsY */ = {
			isa = PBXNativeTarget;
			buildConfigurationList = 2038AC1B283A2FB800E6106E /* Build configuration list for PBXNativeTarget "TipsY" */;
			buildPhases = (
				2038AC03283A2FB700E6106E /* Sources */,
				2038AC04283A2FB700E6106E /* Frameworks */,
				2038AC05283A2FB700E6106E /* Resources */,
			);
			buildRules = (
			);
			dependencies = (
			);
			name = TipsY;
			productName = TipsY;
			productReference = 2038AC07283A2FB700E6106E /* TipsY.app */;
			productType = "com.apple.product-type.application";
		};
/* End PBXNativeTarget section */

/* Begin PBXProject section */
		2038ABFF283A2FB700E6106E /* Project object */ = {
			isa = PBXProject;
			attributes = {
				LastSwiftUpdateCheck = 1240;
				LastUpgradeCheck = 1240;
				TargetAttributes = {
					2038AC06283A2FB700E6106E = {
						CreatedOnToolsVersion = 12.4;
					};
				};
			};
			buildConfigurationList = 2038AC02283A2FB700E6106E /* Build configuration list for PBXProject "TipsY" */;
			compatibilityVersion = "Xcode 9.3";
			developmentRegion = en;
			hasScannedForEncodings = 0;
			knownRegions = (
				en,
				Base,
			);
			mainGroup = 2038ABFE283A2FB700E6106E;
			productRefGroup = 2038AC08283A2FB700E6106E /* Products */;
			projectDirPath = "";
			projectRoot = "";
			targets = (
				2038AC06283A2FB700E6106E /* TipsY */,
			);
		};
/* End PBXProject section */

/* Begin PBXResourcesBuildPhase section */
		2038AC05283A2FB700E6106E /* Resources */ = {
			isa = PBXResourcesBuildPhase;
			buildActionMask = 2147483647;
			files = (
				2038AC17283A2FB800E6106E /* LaunchScreen.storyboard in Resources */,
				2038AC14283A2FB800E6106E /* Assets.xcassets in Resources */,
				2038AC12283A2FB700E6106E /* Main.storyboard in Resources */,
			);
			runOnlyForDeploymentPostprocessing = 0;
		};
/* End PBXResourcesBuildPhase section */

/* Begin PBXSourcesBuildPhase section */
		2038AC03283A2FB700E6106E /* Sources */ = {
			isa = PBXSourcesBuildPhase;
			buildActionMask = 2147483647;
			files = (
				2038AC0F283A2FB700E6106E /* CalculatorViewController.swift in Sources */,
				2038AC2C283A330800E6106E /* Tips.swift in Sources */,
				2038AC0B283A2FB700E6106E /* AppDelegate.swift in Sources */,
				2038AC30283A331600E6106E /* CalculatorTips.swift in Sources */,
				2038AC0D283A2FB700E6106E /* SceneDelegate.swift in Sources */,
				2038AC23283A31E700E6106E /* ResultsViewController.swift in Sources */,
			);
			runOnlyForDeploymentPostprocessing = 0;
		};
/* End PBXSourcesBuildPhase section */

/* Begin PBXVariantGroup section */
		2038AC10283A2FB700E6106E /* Main.storyboard */ = {
			isa = PBXVariantGroup;
			children = (
				2038AC11283A2FB700E6106E /* Base */,
			);
			name = Main.storyboard;
			sourceTree = "<group>";
		};
		2038AC15283A2FB800E6106E /* LaunchScreen.storyboard */ = {
			isa = PBXVariantGroup;
			children = (
				2038AC16283A2FB800E6106E /* Base */,
			);
			name = LaunchScreen.storyboard;
			sourceTree = "<group>";
		};
/* End PBXVariantGroup section */

/* Begin XCBuildConfiguration section */
		2038AC19283A2FB800E6106E /* Debug */ = {
			isa = XCBuildConfiguration;
			buildSettings = {
				ALWAYS_SEARCH_USER_PATHS = NO;
				CLANG_ANALYZER_NONNULL = YES;
				CLANG_ANALYZER_NUMBER_OBJECT_CONVERSION = YES_AGGRESSIVE;
				CLANG_CXX_LANGUAGE_STANDARD = "gnu++14";
				CLANG_CXX_LIBRARY = "libc++";
				CLANG_ENABLE_MODULES = YES;
				CLANG_ENABLE_OBJC_ARC = YES;
				CLANG_ENABLE_OBJC_WEAK = YES;
				CLANG_WARN_BLOCK_CAPTURE_AUTORELEASING = YES;
				CLANG_WARN_BOOL_CONVERSION = YES;
				CLANG_WARN_COMMA = YES;
				CLANG_WARN_CONSTANT_CONVERSION = YES;
				CLANG_WARN_DEPRECATED_OBJC_IMPLEMENTATIONS = YES;
				CLANG_WARN_DIRECT_OBJC_ISA_USAGE = YES_ERROR;
				CLANG_WARN_DOCUMENTATION_COMMENTS = YES;
				CLANG_WARN_EMPTY_BODY = YES;
				CLANG_WARN_ENUM_CONVERSION = YES;
				CLANG_WARN_INFINITE_RECURSION = YES;
				CLANG_WARN_INT_CONVERSION = YES;
				CLANG_WARN_NON_LITERAL_NULL_CONVERSION = YES;
				CLANG_WARN_OBJC_IMPLICIT_RETAIN_SELF = YES;
				CLANG_WARN_OBJC_LITERAL_CONVERSION = YES;
				CLANG_WARN_OBJC_ROOT_CLASS = YES_ERROR;
				CLANG_WARN_QUOTED_INCLUDE_IN_FRAMEWORK_HEADER = YES;
				CLANG_WARN_RANGE_LOOP_ANALYSIS = YES;
				CLANG_WARN_STRICT_PROTOTYPES = YES;
				CLANG_WARN_SUSPICIOUS_MOVE = YES;
				CLANG_WARN_UNGUARDED_AVAILABILITY = YES_AGGRESSIVE;
				CLANG_WARN_UNREACHABLE_CODE = YES;
				CLANG_WARN__DUPLICATE_METHOD_MATCH = YES;
				COPY_PHASE_STRIP = NO;
				DEBUG_INFORMATION_FORMAT = dwarf;
				ENABLE_STRICT_OBJC_MSGSEND = YES;
				ENABLE_TESTABILITY = YES;
				GCC_C_LANGUAGE_STANDARD = gnu11;
				GCC_DYNAMIC_NO_PIC = NO;
				GCC_NO_COMMON_BLOCKS = YES;
				GCC_OPTIMIZATION_LEVEL = 0;
				GCC_PREPROCESSOR_DEFINITIONS = (
					"DEBUG=1",
					"$(inherited)",
				);
				GCC_WARN_64_TO_32_BIT_CONVERSION = YES;
				GCC_WARN_ABOUT_RETURN_TYPE = YES_ERROR;
				GCC_WARN_UNDECLARED_SELECTOR = YES;
				GCC_WARN_UNINITIALIZED_AUTOS = YES_AGGRESSIVE;
				GCC_WARN_UNUSED_FUNCTION = YES;
				GCC_WARN_UNUSED_VARIABLE = YES;
				IPHONEOS_DEPLOYMENT_TARGET = 14.4;
				MTL_ENABLE_DEBUG_INFO = INCLUDE_SOURCE;
				MTL_FAST_MATH = YES;
				ONLY_ACTIVE_ARCH = YES;
				SDKROOT = iphoneos;
				SWIFT_ACTIVE_COMPILATION_CONDITIONS = DEBUG;
				SWIFT_OPTIMIZATION_LEVEL = "-Onone";
			};
			name = Debug;
		};
		2038AC1A283A2FB800E6106E /* Release */ = {
			isa = XCBuildConfiguration;
			buildSettings = {
				ALWAYS_SEARCH_USER_PATHS = NO;
				CLANG_ANALYZER_NONNULL = YES;
				CLANG_ANALYZER_NUMBER_OBJECT_CONVERSION = YES_AGGRESSIVE;
				CLANG_CXX_LANGUAGE_STANDARD = "gnu++14";
				CLANG_CXX_LIBRARY = "libc++";
				CLANG_ENABLE_MODULES = YES;
				CLANG_ENABLE_OBJC_ARC = YES;
				CLANG_ENABLE_OBJC_WEAK = YES;
				CLANG_WARN_BLOCK_CAPTURE_AUTORELEASING = YES;
				CLANG_WARN_BOOL_CONVERSION = YES;
				CLANG_WARN_COMMA = YES;
				CLANG_WARN_CONSTANT_CONVERSION = YES;
				CLANG_WARN_DEPRECATED_OBJC_IMPLEMENTATIONS = YES;
				CLANG_WARN_DIRECT_OBJC_ISA_USAGE = YES_ERROR;
				CLANG_WARN_DOCUMENTATION_COMMENTS = YES;
				CLANG_WARN_EMPTY_BODY = YES;
				CLANG_WARN_ENUM_CONVERSION = YES;
				CLANG_WARN_INFINITE_RECURSION = YES;
				CLANG_WARN_INT_CONVERSION = YES;
				CLANG_WARN_NON_LITERAL_NULL_CONVERSION = YES;
				CLANG_WARN_OBJC_IMPLICIT_RETAIN_SELF = YES;
				CLANG_WARN_OBJC_LITERAL_CONVERSION = YES;
				CLANG_WARN_OBJC_ROOT_CLASS = YES_ERROR;
				CLANG_WARN_QUOTED_INCLUDE_IN_FRAMEWORK_HEADER = YES;
				CLANG_WARN_RANGE_LOOP_ANALYSIS = YES;
				CLANG_WARN_STRICT_PROTOTYPES = YES;
				CLANG_WARN_SUSPICIOUS_MOVE = YES;
				CLANG_WARN_UNGUARDED_AVAILABILITY = YES_AGGRESSIVE;
				CLANG_WARN_UNREACHABLE_CODE = YES;
				CLANG_WARN__DUPLICATE_METHOD_MATCH = YES;
				COPY_PHASE_STRIP = NO;
				DEBUG_INFORMATION_FORMAT = "dwarf-with-dsym";
				ENABLE_NS_ASSERTIONS = NO;
				ENABLE_STRICT_OBJC_MSGSEND = YES;
				GCC_C_LANGUAGE_STANDARD = gnu11;
				GCC_NO_COMMON_BLOCKS = YES;
				GCC_WARN_64_TO_32_BIT_CONVERSION = YES;
				GCC_WARN_ABOUT_RETURN_TYPE = YES_ERROR;
				GCC_WARN_UNDECLARED_SELECTOR = YES;
				GCC_WARN_UNINITIALIZED_AUTOS = YES_AGGRESSIVE;
				GCC_WARN_UNUSED_FUNCTION = YES;
				GCC_WARN_UNUSED_VARIABLE = YES;
				IPHONEOS_DEPLOYMENT_TARGET = 14.4;
				MTL_ENABLE_DEBUG_INFO = NO;
				MTL_FAST_MATH = YES;
				SDKROOT = iphoneos;
				SWIFT_COMPILATION_MODE = wholemodule;
				SWIFT_OPTIMIZATION_LEVEL = "-O";
				VALIDATE_PRODUCT = YES;
			};
			name = Release;
		};
		2038AC1C283A2FB800E6106E /* Debug */ = {
			isa = XCBuildConfiguration;
			buildSettings = {
				ASSETCATALOG_COMPILER_APPICON_NAME = AppIcon;
				ASSETCATALOG_COMPILER_GLOBAL_ACCENT_COLOR_NAME = AccentColor;
				CODE_SIGN_STYLE = Automatic;
				DEVELOPMENT_TEAM = THGV2QJ4R5;
				INFOPLIST_FILE = TipsY/Info.plist;
				LD_RUNPATH_SEARCH_PATHS = (
					"$(inherited)",
					"@executable_path/Frameworks",
				);
				PRODUCT_BUNDLE_IDENTIFIER = com.Alex677.TipsY;
				PRODUCT_NAME = "$(TARGET_NAME)";
				SWIFT_VERSION = 5.0;
				TARGETED_DEVICE_FAMILY = "1,2";
			};
			name = Debug;
		};
		2038AC1D283A2FB800E6106E /* Release */ = {
			isa = XCBuildConfiguration;
			buildSettings = {
				ASSETCATALOG_COMPILER_APPICON_NAME = AppIcon;
				ASSETCATALOG_COMPILER_GLOBAL_ACCENT_COLOR_NAME = AccentColor;
				CODE_SIGN_STYLE = Automatic;
				DEVELOPMENT_TEAM = THGV2QJ4R5;
				INFOPLIST_FILE = TipsY/Info.plist;
				LD_RUNPATH_SEARCH_PATHS = (
					"$(inherited)",
					"@executable_path/Frameworks",
				);
				PRODUCT_BUNDLE_IDENTIFIER = com.Alex677.TipsY;
				PRODUCT_NAME = "$(TARGET_NAME)";
				SWIFT_VERSION = 5.0;
				TARGETED_DEVICE_FAMILY = "1,2";
			};
			name = Release;
		};
/* End XCBuildConfiguration section */

/* Begin XCConfigurationList section */
		2038AC02283A2FB700E6106E /* Build configuration list for PBXProject "TipsY" */ = {
			isa = XCConfigurationList;
			buildConfigurations = (
				2038AC19283A2FB800E6106E /* Debug */,
				2038AC1A283A2FB800E6106E /* Release */,
			);
			defaultConfigurationIsVisible = 0;
			defaultConfigurationName = Release;
		};
		2038AC1B283A2FB800E6106E /* Build configuration list for PBXNativeTarget "TipsY" */ = {
			isa = XCConfigurationList;
			buildConfigurations = (
				2038AC1C283A2FB800E6106E /* Debug */,
				2038AC1D283A2FB800E6106E /* Release */,
			);
			defaultConfigurationIsVisible = 0;
			defaultConfigurationName = Release;
		};
/* End XCConfigurationList section */
	};
	rootObject = 2038ABFF283A2FB700E6106E /* Project object */;
}
